hash: f982b82d1f05b3ba8a0157938c1b843fbc0226b7adb6e78f3f00f806cd26f88c
updated: 2016-10-27T12:24:03.814586358+02:00
imports:
- name: github.com/coreos/dex
  version: 4b9bdf163db85373f3ea59bb227dec445c618cbf
  subpackages:
  - pkg/log
- name: github.com/coreos/go-oidc
  version: 9fae754a41cbdc3be9cb97a180eb323b625db614
  subpackages:
  - http
  - jose
  - key
  - oauth2
  - oidc
- name: github.com/coreos/pkg
  version: fa94270d4bac0d8ae5dc6b71894e251aada93f74
  subpackages:
  - flagutil
  - health
  - httputil
  - timeutil
- name: github.com/dgrijalva/jwt-go
  version: 24c63f56522a87ec5339cc3567883f1039378fdb
- name: github.com/emanoelxavier/openid2go
  version: efe3c34772c5a961048a05e9483da2bd24debed0
  subpackages:
  - openid
- name: github.com/jinzhu/gorm
  version: 5174cc5c242a728b435ea2be8a2f7f998e15429b
- name: github.com/jinzhu/inflection
  version: 74387dc39a75e970e7a3ae6a3386b5bd2e5c5cff
- name: github.com/jonboulle/clockwork
  version: 3f831b65b61282ba6bece21b91beea2edc4c887a
- name: github.com/julienschmidt/httprouter
  version: 8c199fb6259ffc1af525cc3ad52ee60ba8359669
- name: github.com/kylelemons/godebug
  version: eadb3ce320cbab8393bea5ca17bebac3f78a021b
  subpackages:
  - diff
  - pretty
- name: github.com/lib/pq
  version: 5da87320b996b433460a8930bb6b8f4e5672d371
  subpackages:
  - oid
- name: github.com/pelletier/go-buffruneio
  version: df1e16fde7fc330a0ca68167c23bf7ed6ac31d6d
- name: github.com/pelletier/go-toml
  version: 64ff1ea4d585bc1fca65e6331eb8239f2ff31845
- name: github.com/satori/go.uuid
  version: 879c5887cd475cd7864858769793b2ceb0d44feb
- name: github.com/Sirupsen/logrus
  version: 4b6ea7319e214d98c938f12692336f7ca9348d6b
  subpackages:
  - hooks/test
- name: github.com/square/go-jose
  version: 789a4c4bd4c118f7564954f441b29c153ccd6a96
  subpackages:
  - cipher
  - json
- name: github.com/stretchr/testify
  version: 69483b4bd14f5845b5a1e55bca19e954e827f1d0
testImports: []
